// !$*UTF8*$!
{
	archiveVersion = 1;
	classes = {
	};
	objectVersion = 50;
	objects = {

/* Begin PBXBuildFile section */
		10B8CD5B20BA75A2006C56F3 /* AppDelegate.swift in Sources */ = {isa = PBXBuildFile; fileRef = 10B8CD5A20BA75A2006C56F3 /* AppDelegate.swift */; };
		10B8CD5D20BA75A2006C56F3 /* ViewController.swift in Sources */ = {isa = PBXBuildFile; fileRef = 10B8CD5C20BA75A2006C56F3 /* ViewController.swift */; };
		10B8CD6020BA75A2006C56F3 /* Main.storyboard in Resources */ = {isa = PBXBuildFile; fileRef = 10B8CD5E20BA75A2006C56F3 /* Main.storyboard */; };
		10B8CD6220BA75A4006C56F3 /* Assets.xcassets in Resources */ = {isa = PBXBuildFile; fileRef = 10B8CD6120BA75A4006C56F3 /* Assets.xcassets */; };
		10B8CD6520BA75A4006C56F3 /* LaunchScreen.storyboard in Resources */ = {isa = PBXBuildFile; fileRef = 10B8CD6320BA75A4006C56F3 /* LaunchScreen.storyboard */; };
		10B8CD7120BA7A94006C56F3 /* QuizViewController.swift in Sources */ = {isa = PBXBuildFile; fileRef = 10B8CD7020BA7A94006C56F3 /* QuizViewController.swift */; };
		10B8CD7320BA7AB2006C56F3 /* ResultViewController.swift in Sources */ = {isa = PBXBuildFile; fileRef = 10B8CD7220BA7AB2006C56F3 /* ResultViewController.swift */; };
		10B8CD7520BA97D5006C56F3 /* loveswift.csv in Resources */ = {isa = PBXBuildFile; fileRef = 10B8CD7420BA97D4006C56F3 /* loveswift.csv */; };
/* End PBXBuildFile section */

/* Begin PBXFileReference section */
		10B8CD5720BA75A2006C56F3 /* Quizgame.app */ = {isa = PBXFileReference; explicitFileType = wrapper.application; includeInIndex = 0; path = Quizgame.app; sourceTree = BUILT_PRODUCTS_DIR; };
		10B8CD5A20BA75A2006C56F3 /* AppDelegate.swift */ = {isa = PBXFileReference; lastKnownFileType = sourcecode.swift; path = AppDelegate.swift; sourceTree = "<group>"; };
		10B8CD5C20BA75A2006C56F3 /* ViewController.swift */ = {isa = PBXFileReference; lastKnownFileType = sourcecode.swift; path = ViewController.swift; sourceTree = "<group>"; };
		10B8CD5F20BA75A2006C56F3 /* Base */ = {isa = PBXFileReference; lastKnownFileType = file.storyboard; name = Base; path = Base.lproj/Main.storyboard; sourceTree = "<group>"; };
		10B8CD6120BA75A4006C56F3 /* Assets.xcassets */ = {isa = PBXFileReference; lastKnownFileType = folder.assetcatalog; path = Assets.xcassets; sourceTree = "<group>"; };
		10B8CD6420BA75A4006C56F3 /* Base */ = {isa = PBXFileReference; lastKnownFileType = file.storyboard; name = Base; path = Base.lproj/LaunchScreen.storyboard; sourceTree = "<group>"; };
		10B8CD6620BA75A4006C56F3 /* Info.plist */ = {isa = PBXFileReference; lastKnownFileType = text.plist.xml; path = Info.plist; sourceTree = "<group>"; };
		10B8CD7020BA7A94006C56F3 /* QuizViewController.swift */ = {isa = PBXFileReference; lastKnownFileType = sourcecode.swift; path = QuizViewController.swift; sourceTree = "<group>"; };
		10B8CD7220BA7AB2006C56F3 /* ResultViewController.swift */ = {isa = PBXFileReference; lastKnownFileType = sourcecode.swift; path = ResultViewController.swift; sourceTree = "<group>"; };
		10B8CD7420BA97D4006C56F3 /* loveswift.csv */ = {isa = PBXFileReference; fileEncoding = 4; lastKnownFileType = text; name = loveswift.csv; path = ../../../Downloads/loveswift.csv; sourceTree = "<group>"; };
/* End PBXFileReference section */

/* Begin PBXFrameworksBuildPhase section */
		10B8CD5420BA75A2006C56F3 /* Frameworks */ = {
			isa = PBXFrameworksBuildPhase;
			buildActionMask = 2147483647;
			files = (
			);
			runOnlyForDeploymentPostprocessing = 0;
		};
/* End PBXFrameworksBuildPhase section */

/* Begin PBXGroup section */
		10B8CD4E20BA75A2006C56F3 = {
			isa = PBXGroup;
			children = (
				10B8CD5920BA75A2006C56F3 /* Quizgame */,
				10B8CD5820BA75A2006C56F3 /* Products */,
			);
			sourceTree = "<group>";
		};
		10B8CD5820BA75A2006C56F3 /* Products */ = {
			isa = PBXGroup;
			children = (
				10B8CD5720BA75A2006C56F3 /* Quizgame.app */,
			);
			name = Products;
			sourceTree = "<group>";
		};
		10B8CD5920BA75A2006C56F3 /* Quizgame */ = {
			isa = PBXGroup;
			children = (
				10B8CD5A20BA75A2006C56F3 /* AppDelegate.swift */,
				10B8CD5C20BA75A2006C56F3 /* ViewController.swift */,
				10B8CD5E20BA75A2006C56F3 /* Main.storyboard */,
				10B8CD6120BA75A4006C56F3 /* Assets.xcassets */,
				10B8CD7020BA7A94006C56F3 /* QuizViewController.swift */,
				10B8CD7420BA97D4006C56F3 /* loveswift.csv */,
				10B8CD7220BA7AB2006C56F3 /* ResultViewController.swift */,
				10B8CD6320BA75A4006C56F3 /* LaunchScreen.storyboard */,
				10B8CD6620BA75A4006C56F3 /* Info.plist */,
			);
			path = Quizgame;
			sourceTree = "<group>";
		};
/* End PBXGroup section */

/* Begin PBXNativeTarget section */
		10B8CD5620BA75A2006C56F3 /* Quizgame */ = {
			isa = PBXNativeTarget;
			buildConfigurationList = 10B8CD6920BA75A4006C56F3 /* Build configuration list for PBXNativeTarget "Quizgame" */;
			buildPhases = (
				10B8CD5320BA75A2006C56F3 /* Sources */,
				10B8CD5420BA75A2006C56F3 /* Frameworks */,
				10B8CD5520BA75A2006C56F3 /* Resources */,
			);
			buildRules = (
			);
			dependencies = (
			);
			name = Quizgame;
			productName = Quizgame;
			productReference = 10B8CD5720BA75A2006C56F3 /* Quizgame.app */;
			productType = "com.apple.product-type.application";
		};
/* End PBXNativeTarget section */

/* Begin PBXProject section */
		10B8CD4F20BA75A2006C56F3 /* Project object */ = {
			isa = PBXProject;
			attributes = {
				LastSwiftUpdateCheck = 0930;
				LastUpgradeCheck = 0930;
				ORGANIZATIONNAME = "c-sugiura";
				TargetAttributes = {
					10B8CD5620BA75A2006C56F3 = {
						CreatedOnToolsVersion = 9.3.1;
					};
				};
			};
			buildConfigurationList = 10B8CD5220BA75A2006C56F3 /* Build configuration list for PBXProject "Quizgame" */;
			compatibilityVersion = "Xcode 9.3";
			developmentRegion = en;
			hasScannedForEncodings = 0;
			knownRegions = (
				en,
				Base,
			);
			mainGroup = 10B8CD4E20BA75A2006C56F3;
			productRefGroup = 10B8CD5820BA75A2006C56F3 /* Products */;
			projectDirPath = "";
			projectRoot = "";
			targets = (
				10B8CD5620BA75A2006C56F3 /* Quizgame */,
			);
		};
/* End PBXProject section */

/* Begin PBXResourcesBuildPhase section */
		10B8CD5520BA75A2006C56F3 /* Resources */ = {
			isa = PBXResourcesBuildPhase;
			buildActionMask = 2147483647;
			files = (
				10B8CD6520BA75A4006C56F3 /* LaunchScreen.storyboard in Resources */,
				10B8CD6220BA75A4006C56F3 /* Assets.xcassets in Resources */,
				10B8CD7520BA97D5006C56F3 /* loveswift.csv in Resources */,
				10B8CD6020BA75A2006C56F3 /* Main.storyboard in Resources */,
			);
			runOnlyForDeploymentPostprocessing = 0;
		};
/* End PBXResourcesBuildPhase section */

/* Begin PBXSourcesBuildPhase section */
		10B8CD5320BA75A2006C56F3 /* Sources */ = {
			isa = PBXSourcesBuildPhase;
			buildActionMask = 2147483647;
			files = (
				10B8CD7120BA7A94006C56F3 /* QuizViewController.swift in Sources */,
				10B8CD5D20BA75A2006C56F3 /* ViewController.swift in Sources */,
				10B8CD5B20BA75A2006C56F3 /* AppDelegate.swift in Sources */,
				10B8CD7320BA7AB2006C56F3 /* ResultViewController.swift in Sources */,
			);
			runOnlyForDeploymentPostprocessing = 0;
		};
/* End PBXSourcesBuildPhase section */

/* Begin PBXVariantGroup section */
		10B8CD5E20BA75A2006C56F3 /* Main.storyboard */ = {
			isa = PBXVariantGroup;
			children = (
				10B8CD5F20BA75A2006C56F3 /* Base */,
			);
			name = Main.storyboard;
			sourceTree = "<group>";
		};
		10B8CD6320BA75A4006C56F3 /* LaunchScreen.storyboard */ = {
			isa = PBXVariantGroup;
			children = (
				10B8CD6420BA75A4006C56F3 /* Base */,
			);
			name = LaunchScreen.storyboard;
			sourceTree = "<group>";
		};
/* End PBXVariantGroup section */

/* Begin XCBuildConfiguration section */
		10B8CD6720BA75A4006C56F3 /* Debug */ = {
			isa = XCBuildConfiguration;
			buildSettings = {
				ALWAYS_SEARCH_USER_PATHS = NO;
				CLANG_ANALYZER_NONNULL = YES;
				CLANG_ANALYZER_NUMBER_OBJECT_CONVERSION = YES_AGGRESSIVE;
				CLANG_CXX_LANGUAGE_STANDARD = "gnu++14";
				CLANG_CXX_LIBRARY = "libc++";
				CLANG_ENABLE_MODULES = YES;
				CLANG_ENABLE_OBJC_ARC = YES;
				CLANG_ENABLE_OBJC_WEAK = YES;
				CLANG_WARN_BLOCK_CAPTURE_AUTORELEASING = YES;
				CLANG_WARN_BOOL_CONVERSION = YES;
				CLANG_WARN_COMMA = YES;
				CLANG_WARN_CONSTANT_CONVERSION = YES;
				CLANG_WARN_DEPRECATED_OBJC_IMPLEMENTATIONS = YES;
				CLANG_WARN_DIRECT_OBJC_ISA_USAGE = YES_ERROR;
				CLANG_WARN_DOCUMENTATION_COMMENTS = YES;
				CLANG_WARN_EMPTY_BODY = YES;
				CLANG_WARN_ENUM_CONVERSION = YES;
				CLANG_WARN_INFINITE_RECURSION = YES;
				CLANG_WARN_INT_CONVERSION = YES;
				CLANG_WARN_NON_LITERAL_NULL_CONVERSION = YES;
				CLANG_WARN_OBJC_IMPLICIT_RETAIN_SELF = YES;
				CLANG_WARN_OBJC_LITERAL_CONVERSION = YES;
				CLANG_WARN_OBJC_ROOT_CLASS = YES_ERROR;
				CLANG_WARN_RANGE_LOOP_ANALYSIS = YES;
				CLANG_WARN_STRICT_PROTOTYPES = YES;
				CLANG_WARN_SUSPICIOUS_MOVE = YES;
				CLANG_WARN_UNGUARDED_AVAILABILITY = YES_AGGRESSIVE;
				CLANG_WARN_UNREACHABLE_CODE = YES;
				CLANG_WARN__DUPLICATE_METHOD_MATCH = YES;
				CODE_SIGN_IDENTITY = "iPhone Developer";
				COPY_PHASE_STRIP = NO;
				DEBUG_INFORMATION_FORMAT = dwarf;
				ENABLE_STRICT_OBJC_MSGSEND = YES;
				ENABLE_TESTABILITY = YES;
				GCC_C_LANGUAGE_STANDARD = gnu11;
				GCC_DYNAMIC_NO_PIC = NO;
				GCC_NO_COMMON_BLOCKS = YES;
				GCC_OPTIMIZATION_LEVEL = 0;
				GCC_PREPROCESSOR_DEFINITIONS = (
					"DEBUG=1",
					"$(inherited)",
				);
				GCC_WARN_64_TO_32_BIT_CONVERSION = YES;
				GCC_WARN_ABOUT_RETURN_TYPE = YES_ERROR;
				GCC_WARN_UNDECLARED_SELECTOR = YES;
				GCC_WARN_UNINITIALIZED_AUTOS = YES_AGGRESSIVE;
				GCC_WARN_UNUSED_FUNCTION = YES;
				GCC_WARN_UNUSED_VARIABLE = YES;
				IPHONEOS_DEPLOYMENT_TARGET = 11.3;
				MTL_ENABLE_DEBUG_INFO = YES;
				ONLY_ACTIVE_ARCH = YES;
				SDKROOT = iphoneos;
				SWIFT_ACTIVE_COMPILATION_CONDITIONS = DEBUG;
				SWIFT_OPTIMIZATION_LEVEL = "-Onone";
			};
			name = Debug;
		};
		10B8CD6820BA75A4006C56F3 /* Release */ = {
			isa = XCBuildConfiguration;
			buildSettings = {
				ALWAYS_SEARCH_USER_PATHS = NO;
				CLANG_ANALYZER_NONNULL = YES;
				CLANG_ANALYZER_NUMBER_OBJECT_CONVERSION = YES_AGGRESSIVE;
				CLANG_CXX_LANGUAGE_STANDARD = "gnu++14";
				CLANG_CXX_LIBRARY = "libc++";
				CLANG_ENABLE_MODULES = YES;
				CLANG_ENABLE_OBJC_ARC = YES;
				CLANG_ENABLE_OBJC_WEAK = YES;
				CLANG_WARN_BLOCK_CAPTURE_AUTORELEASING = YES;
				CLANG_WARN_BOOL_CONVERSION = YES;
				CLANG_WARN_COMMA = YES;
				CLANG_WARN_CONSTANT_CONVERSION = YES;
				CLANG_WARN_DEPRECATED_OBJC_IMPLEMENTATIONS = YES;
				CLANG_WARN_DIRECT_OBJC_ISA_USAGE = YES_ERROR;
				CLANG_WARN_DOCUMENTATION_COMMENTS = YES;
				CLANG_WARN_EMPTY_BODY = YES;
				CLANG_WARN_ENUM_CONVERSION = YES;
				CLANG_WARN_INFINITE_RECURSION = YES;
				CLANG_WARN_INT_CONVERSION = YES;
				CLANG_WARN_NON_LITERAL_NULL_CONVERSION = YES;
				CLANG_WARN_OBJC_IMPLICIT_RETAIN_SELF = YES;
				CLANG_WARN_OBJC_LITERAL_CONVERSION = YES;
				CLANG_WARN_OBJC_ROOT_CLASS = YES_ERROR;
				CLANG_WARN_RANGE_LOOP_ANALYSIS = YES;
				CLANG_WARN_STRICT_PROTOTYPES = YES;
				CLANG_WARN_SUSPICIOUS_MOVE = YES;
				CLANG_WARN_UNGUARDED_AVAILABILITY = YES_AGGRESSIVE;
				CLANG_WARN_UNREACHABLE_CODE = YES;
				CLANG_WARN__DUPLICATE_METHOD_MATCH = YES;
				CODE_SIGN_IDENTITY = "iPhone Developer";
				COPY_PHASE_STRIP = NO;
				DEBUG_INFORMATION_FORMAT = "dwarf-with-dsym";
				ENABLE_NS_ASSERTIONS = NO;
				ENABLE_STRICT_OBJC_MSGSEND = YES;
				GCC_C_LANGUAGE_STANDARD = gnu11;
				GCC_NO_COMMON_BLOCKS = YES;
				GCC_WARN_64_TO_32_BIT_CONVERSION = YES;
				GCC_WARN_ABOUT_RETURN_TYPE = YES_ERROR;
				GCC_WARN_UNDECLARED_SELECTOR = YES;
				GCC_WARN_UNINITIALIZED_AUTOS = YES_AGGRESSIVE;
				GCC_WARN_UNUSED_FUNCTION = YES;
				GCC_WARN_UNUSED_VARIABLE = YES;
				IPHONEOS_DEPLOYMENT_TARGET = 11.3;
				MTL_ENABLE_DEBUG_INFO = NO;
				SDKROOT = iphoneos;
				SWIFT_COMPILATION_MODE = wholemodule;
				SWIFT_OPTIMIZATION_LEVEL = "-O";
				VALIDATE_PRODUCT = YES;
			};
			name = Release;
		};
		10B8CD6A20BA75A4006C56F3 /* Debug */ = {
			isa = XCBuildConfiguration;
			buildSettings = {
				ASSETCATALOG_COMPILER_APPICON_NAME = AppIcon;
				CODE_SIGN_IDENTITY = "iPhone Developer";
				CODE_SIGN_STYLE = Automatic;
				DEVELOPMENT_TEAM = 5BWB3CX7CX;
				INFOPLIST_FILE = Quizgame/Info.plist;
				LD_RUNPATH_SEARCH_PATHS = (
					"$(inherited)",
					"@executable_path/Frameworks",
				);
				PRODUCT_BUNDLE_IDENTIFIER = org.loveswift.Quizgame;
				PRODUCT_NAME = "$(TARGET_NAME)";
				PROVISIONING_PROFILE_SPECIFIER = "";
				SWIFT_VERSION = 4.0;
				TARGETED_DEVICE_FAMILY = "1,2";
			};
			name = Debug;
		};
		10B8CD6B20BA75A4006C56F3 /* Release */ = {
			isa = XCBuildConfiguration;
			buildSettings = {
				ASSETCATALOG_COMPILER_APPICON_NAME = AppIcon;
				CODE_SIGN_IDENTITY = "iPhone Developer";
				CODE_SIGN_STYLE = Automatic;
				DEVELOPMENT_TEAM = 5BWB3CX7CX;
				INFOPLIST_FILE = Quizgame/Info.plist;
				LD_RUNPATH_SEARCH_PATHS = (
					"$(inherited)",
					"@executable_path/Frameworks",
				);
				PRODUCT_BUNDLE_IDENTIFIER = org.loveswift.Quizgame;
				PRODUCT_NAME = "$(TARGET_NAME)";
				PROVISIONING_PROFILE_SPECIFIER = "";
				SWIFT_VERSION = 4.0;
				TARGETED_DEVICE_FAMILY = "1,2";
			};
			name = Release;
		};
/* End XCBuildConfiguration section */

/* Begin XCConfigurationList section */
		10B8CD5220BA75A2006C56F3 /* Build configuration list for PBXProject "Quizgame" */ = {
			isa = XCConfigurationList;
			buildConfigurations = (
				10B8CD6720BA75A4006C56F3 /* Debug */,
				10B8CD6820BA75A4006C56F3 /* Release */,
			);
			defaultConfigurationIsVisible = 0;
			defaultConfigurationName = Release;
		};
		10B8CD6920BA75A4006C56F3 /* Build configuration list for PBXNativeTarget "Quizgame" */ = {
			isa = XCConfigurationList;
			buildConfigurations = (
				10B8CD6A20BA75A4006C56F3 /* Debug */,
				10B8CD6B20BA75A4006C56F3 /* Release */,
			);
			defaultConfigurationIsVisible = 0;
			defaultConfigurationName = Release;
		};
/* End XCConfigurationList section */
	};
	rootObject = 10B8CD4F20BA75A2006C56F3 /* Project object */;
}
